github.com/Tnze/go-mc v0.0.0-20241224032005-539b4a3a7f03 h1:Jshxz4rtPYvLr4Snwg6qZy2F7FZpo985VRva6cvys6M=
github.com/Tnze/go-mc v0.0.0-20241224032005-539b4a3a7f03/go.mod h1:vp949nHNUK5KVwSuadpN1vp7c1zvkPEniM08PQv1FcY=
github.com/google/uuid v1.3.0 h1:t6JiXgmwXMjEs8VusXIJk2BXHsn+wx8BZdTaoZ5fu7I=
github.com/google/uuid v1.3.0/go.mod h1:TIyPZe4MgqvfeYDBFedMoGGpEw/LqOeaOT+nhxU+yHo=
